Microsoft Visual Studio Solution File, Format Version 12.00
# Visual Studio Version 16
VisualStudioVersion = 16.0.29503.13
MinimumVisualStudioVersion = 10.0.40219.1
Project("{9A19103F-16F7-4668-BE54-9A1E7A4F7556}") = "Api.Gateway", "Api.Gateway\Api.Gateway.csproj", "{DBEBED79-FA37-44EB-91D5-D5F57B497DEE}"
EndProject
Project("{9A19103F-16F7-4668-BE54-9A1E7A4F7556}") = "Api.ServiceA", "Api.ServiceA\Api.ServiceA.csproj", "{78575F7F-1C99-47F0-A0FD-739BED95AEB0}"
EndProject
Project("{9A19103F-16F7-4668-BE54-9A1E7A4F7556}") = "Api.ServiceB", "Api.ServiceB\Api.ServiceB.csproj", "{57AADC8A-563B-4E29-9FAE-0415BB3DBF50}"
EndProject
Project("{2150E333-8FDC-42A3-9474-1A3956D46DE8}") = "BuildingBlocks", "BuildingBlocks", "{54F7EB75-F627-4C54-B36E-83E350116D5F}"
EndProject
Project("{2150E333-8FDC-42A3-9474-1A3956D46DE8}") = "EventBus", "EventBus", "{DFDD32E7-6B1C-4C3A-97BD-ECCC22B22A33}"
EndProject
Project("{9A19103F-16F7-4668-BE54-9A1E7A4F7556}") = "Cp.EventBus", "BuildingBlocks\EventBus\Cp.EventBus\Cp.EventBus.csproj", "{81006F0B-9355-42AE-8C94-EF0FBB60786E}"
EndProject
Project("{9A19103F-16F7-4668-BE54-9A1E7A4F7556}") = "Cp.EventBus.RabbitMQ", "BuildingBlocks\EventBus\Cp.EventBus.RabbitMQ\Cp.EventBus.RabbitMQ.csproj", "{237770B9-5786-4D7B-9E77-9BFFA66B9A54}"
EndProject
Project("{2150E333-8FDC-42A3-9474-1A3956D46DE8}") = "AuthServer", "AuthServer", "{F86F3060-71B7-4983-98A2-74EA71492FAC}"
EndProject
Project("{9A19103F-16F7-4668-BE54-9A1E7A4F7556}") = "JwtAuth", "AuthServer\JwtAuth\JwtAuth.csproj", "{FBC75DFD-4308-49D7-BA10-737D525A8AF2}"
EndProject
Project("{9A19103F-16F7-4668-BE54-9A1E7A4F7556}") = "Ocelot.JWTAuthorize", "BuildingBlocks\Ocelot.JWTAuthorize\Ocelot.JWTAuthorize.csproj", "{C09C8CDC-31BF-47EB-A313-B72F460A51CB}"
EndProject
Project("{FAE04EC0-301F-11D3-BF4B-00C04F79EFBC}") = "ConsulClientExtension", "BuildingBlocks\ConsulClientExtension\ConsulClientExtension.csproj", "{9D3B5940-B9FF-42CB-A675-C9322EA15E3B}"
EndProject
Global
	GlobalSection(SolutionConfigurationPlatforms) = preSolution
		Debug|Any CPU = Debug|Any CPU
		Release|Any CPU = Release|Any CPU
	EndGlobalSection
	GlobalSection(ProjectConfigurationPlatforms) = postSolution
		{DBEBED79-FA37-44EB-91D5-D5F57B497DEE}.Debug|Any CPU.ActiveCfg = Debug|Any CPU
		{DBEBED79-FA37-44EB-91D5-D5F57B497DEE}.Debug|Any CPU.Build.0 = Debug|Any CPU
		{DBEBED79-FA37-44EB-91D5-D5F57B497DEE}.Release|Any CPU.ActiveCfg = Release|Any CPU
		{DBEBED79-FA37-44EB-91D5-D5F57B497DEE}.Release|Any CPU.Build.0 = Release|Any CPU
		{78575F7F-1C99-47F0-A0FD-739BED95AEB0}.Debug|Any CPU.ActiveCfg = Debug|Any CPU
		{78575F7F-1C99-47F0-A0FD-739BED95AEB0}.Debug|Any CPU.Build.0 = Debug|Any CPU
		{78575F7F-1C99-47F0-A0FD-739BED95AEB0}.Release|Any CPU.ActiveCfg = Release|Any CPU
		{78575F7F-1C99-47F0-A0FD-739BED95AEB0}.Release|Any CPU.Build.0 = Release|Any CPU
		{57AADC8A-563B-4E29-9FAE-0415BB3DBF50}.Debug|Any CPU.ActiveCfg = Debug|Any CPU
		{57AADC8A-563B-4E29-9FAE-0415BB3DBF50}.Debug|Any CPU.Build.0 = Debug|Any CPU
		{57AADC8A-563B-4E29-9FAE-0415BB3DBF50}.Release|Any CPU.ActiveCfg = Release|Any CPU
		{57AADC8A-563B-4E29-9FAE-0415BB3DBF50}.Release|Any CPU.Build.0 = Release|Any CPU
		{81006F0B-9355-42AE-8C94-EF0FBB60786E}.Debug|Any CPU.ActiveCfg = Debug|Any CPU
		{81006F0B-9355-42AE-8C94-EF0FBB60786E}.Debug|Any CPU.Build.0 = Debug|Any CPU
		{81006F0B-9355-42AE-8C94-EF0FBB60786E}.Release|Any CPU.ActiveCfg = Release|Any CPU
		{81006F0B-9355-42AE-8C94-EF0FBB60786E}.Release|Any CPU.Build.0 = Release|Any CPU
		{237770B9-5786-4D7B-9E77-9BFFA66B9A54}.Debug|Any CPU.ActiveCfg = Debug|Any CPU
		{237770B9-5786-4D7B-9E77-9BFFA66B9A54}.Debug|Any CPU.Build.0 = Debug|Any CPU
		{237770B9-5786-4D7B-9E77-9BFFA66B9A54}.Release|Any CPU.ActiveCfg = Release|Any CPU
		{237770B9-5786-4D7B-9E77-9BFFA66B9A54}.Release|Any CPU.Build.0 = Release|Any CPU
		{FBC75DFD-4308-49D7-BA10-737D525A8AF2}.Debug|Any CPU.ActiveCfg = Debug|Any CPU
		{FBC75DFD-4308-49D7-BA10-737D525A8AF2}.Debug|Any CPU.Build.0 = Debug|Any CPU
		{FBC75DFD-4308-49D7-BA10-737D525A8AF2}.Release|Any CPU.ActiveCfg = Release|Any CPU
		{FBC75DFD-4308-49D7-BA10-737D525A8AF2}.Release|Any CPU.Build.0 = Release|Any CPU
		{C09C8CDC-31BF-47EB-A313-B72F460A51CB}.Debug|Any CPU.ActiveCfg = Debug|Any CPU
		{C09C8CDC-31BF-47EB-A313-B72F460A51CB}.Debug|Any CPU.Build.0 = Debug|Any CPU
		{C09C8CDC-31BF-47EB-A313-B72F460A51CB}.Release|Any CPU.ActiveCfg = Release|Any CPU
		{C09C8CDC-31BF-47EB-A313-B72F460A51CB}.Release|Any CPU.Build.0 = Release|Any CPU
		{9D3B5940-B9FF-42CB-A675-C9322EA15E3B}.Debug|Any CPU.ActiveCfg = Debug|Any CPU
		{9D3B5940-B9FF-42CB-A675-C9322EA15E3B}.Debug|Any CPU.Build.0 = Debug|Any CPU
		{9D3B5940-B9FF-42CB-A675-C9322EA15E3B}.Release|Any CPU.ActiveCfg = Release|Any CPU
		{9D3B5940-B9FF-42CB-A675-C9322EA15E3B}.Release|Any CPU.Build.0 = Release|Any CPU
	EndGlobalSection
	GlobalSection(SolutionProperties) = preSolution
		HideSolutionNode = FALSE
	EndGlobalSection
	GlobalSection(NestedProjects) = preSolution
		{DFDD32E7-6B1C-4C3A-97BD-ECCC22B22A33} = {54F7EB75-F627-4C54-B36E-83E350116D5F}
		{81006F0B-9355-42AE-8C94-EF0FBB60786E} = {DFDD32E7-6B1C-4C3A-97BD-ECCC22B22A33}
		{237770B9-5786-4D7B-9E77-9BFFA66B9A54} = {DFDD32E7-6B1C-4C3A-97BD-ECCC22B22A33}
		{FBC75DFD-4308-49D7-BA10-737D525A8AF2} = {F86F3060-71B7-4983-98A2-74EA71492FAC}
		{C09C8CDC-31BF-47EB-A313-B72F460A51CB} = {54F7EB75-F627-4C54-B36E-83E350116D5F}
		{9D3B5940-B9FF-42CB-A675-C9322EA15E3B} = {54F7EB75-F627-4C54-B36E-83E350116D5F}
	EndGlobalSection
	GlobalSection(ExtensibilityGlobals) = postSolution
		SolutionGuid = {FB23C27D-B8AB-4DAD-8B49-5D24498677F2}
	EndGlobalSection
EndGlobal
